
Microsoft Visual Studio Solution File, Format Version 12.00
# Visual Studio Version 17
VisualStudioVersion = 17.0.31903.59
MinimumVisualStudioVersion = 10.0.40219.1
Project("{FAE04EC0-301F-11D3-BF4B-00C04F79EFBC}") = "TimedTeam.Data", "TimedTeam.Data\TimedTeam.Data.csproj", "{7C0D1856-78DF-48AF-B82E-9E52E0824C3E}"
EndProject
Project("{FAE04EC0-301F-11D3-BF4B-00C04F79EFBC}") = "TimedTeam.Models", "TimedTeam.Models\TimedTeam.Models.csproj", "{F1FC0D91-1B4F-474D-8DFA-F916FC89D45C}"
EndProject
Project("{FAE04EC0-301F-11D3-BF4B-00C04F79EFBC}") = "TimedTeam.Services", "TimedTeam.Services\TimedTeam.Services.csproj", "{D375F1A5-2784-4E1C-B4EF-E26F96A25383}"
EndProject
Project("{FAE04EC0-301F-11D3-BF4B-00C04F79EFBC}") = "TimedTeam.WebAPI", "TimedTeam.WebAPI\TimedTeam.WebAPI.csproj", "{32E3DF3B-F85F-41E0-BA11-9AD0CB56E34F}"
EndProject
Global
	GlobalSection(SolutionConfigurationPlatforms) = preSolution
		Debug|Any CPU = Debug|Any CPU
		Release|Any CPU = Release|Any CPU
	EndGlobalSection
	GlobalSection(SolutionProperties) = preSolution
		HideSolutionNode = FALSE
	EndGlobalSection
	GlobalSection(ProjectConfigurationPlatforms) = postSolution
		{4574E55C-D28A-4681-9482-34F8443857E5}.Debug|Any CPU.ActiveCfg = Debug|Any CPU
		{4574E55C-D28A-4681-9482-34F8443857E5}.Debug|Any CPU.Build.0 = Debug|Any CPU
		{4574E55C-D28A-4681-9482-34F8443857E5}.Release|Any CPU.ActiveCfg = Release|Any CPU
		{4574E55C-D28A-4681-9482-34F8443857E5}.Release|Any CPU.Build.0 = Release|Any CPU
		{7C0D1856-78DF-48AF-B82E-9E52E0824C3E}.Debug|Any CPU.ActiveCfg = Debug|Any CPU
		{7C0D1856-78DF-48AF-B82E-9E52E0824C3E}.Debug|Any CPU.Build.0 = Debug|Any CPU
		{7C0D1856-78DF-48AF-B82E-9E52E0824C3E}.Release|Any CPU.ActiveCfg = Release|Any CPU
		{7C0D1856-78DF-48AF-B82E-9E52E0824C3E}.Release|Any CPU.Build.0 = Release|Any CPU
		{F1FC0D91-1B4F-474D-8DFA-F916FC89D45C}.Debug|Any CPU.ActiveCfg = Debug|Any CPU
		{F1FC0D91-1B4F-474D-8DFA-F916FC89D45C}.Debug|Any CPU.Build.0 = Debug|Any CPU
		{F1FC0D91-1B4F-474D-8DFA-F916FC89D45C}.Release|Any CPU.ActiveCfg = Release|Any CPU
		{F1FC0D91-1B4F-474D-8DFA-F916FC89D45C}.Release|Any CPU.Build.0 = Release|Any CPU
		{D375F1A5-2784-4E1C-B4EF-E26F96A25383}.Debug|Any CPU.ActiveCfg = Debug|Any CPU
		{D375F1A5-2784-4E1C-B4EF-E26F96A25383}.Debug|Any CPU.Build.0 = Debug|Any CPU
		{D375F1A5-2784-4E1C-B4EF-E26F96A25383}.Release|Any CPU.ActiveCfg = Release|Any CPU
		{D375F1A5-2784-4E1C-B4EF-E26F96A25383}.Release|Any CPU.Build.0 = Release|Any CPU
		{32E3DF3B-F85F-41E0-BA11-9AD0CB56E34F}.Debug|Any CPU.ActiveCfg = Debug|Any CPU
		{32E3DF3B-F85F-41E0-BA11-9AD0CB56E34F}.Debug|Any CPU.Build.0 = Debug|Any CPU
		{32E3DF3B-F85F-41E0-BA11-9AD0CB56E34F}.Release|Any CPU.ActiveCfg = Release|Any CPU
		{32E3DF3B-F85F-41E0-BA11-9AD0CB56E34F}.Release|Any CPU.Build.0 = Release|Any CPU
	EndGlobalSection
EndGlobal
